// !$*UTF8*$!
{
	archiveVersion = 1;
	classes = {
	};
	objectVersion = 46;
	objects = {

/* Begin PBXBuildFile section */
		1D4FBDF81F5A9D0B00EF6A8A /* main.m in Sources */ = {isa = PBXBuildFile; fileRef = 1D4FBDF71F5A9D0B00EF6A8A /* main.m */; };
		1D4FBDFB1F5A9D0B00EF6A8A /* AppDelegate.m in Sources */ = {isa = PBXBuildFile; fileRef = 1D4FBDFA1F5A9D0B00EF6A8A /* AppDelegate.m */; };
		1D4FBDFE1F5A9D0B00EF6A8A /* ViewController.m in Sources */ = {isa = PBXBuildFile; fileRef = 1D4FBDFD1F5A9D0B00EF6A8A /* ViewController.m */; };
		1D4FBE011F5A9D0B00EF6A8A /* Main.storyboard in Resources */ = {isa = PBXBuildFile; fileRef = 1D4FBDFF1F5A9D0B00EF6A8A /* Main.storyboard */; };
		1D4FBE031F5A9D0B00EF6A8A /* Assets.xcassets in Resources */ = {isa = PBXBuildFile; fileRef = 1D4FBE021F5A9D0B00EF6A8A /* Assets.xcassets */; };
		1D4FBE061F5A9D0B00EF6A8A /* LaunchScreen.storyboard in Resources */ = {isa = PBXBuildFile; fileRef = 1D4FBE041F5A9D0B00EF6A8A /* LaunchScreen.storyboard */; };
		1D4FBE111F5A9D0C00EF6A8A /* CalculatorTests.m in Sources */ = {isa = PBXBuildFile; fileRef = 1D4FBE101F5A9D0C00EF6A8A /* CalculatorTests.m */; };
		1D4FBE1C1F5A9D0C00EF6A8A /* CalculatorUITests.m in Sources */ = {isa = PBXBuildFile; fileRef = 1D4FBE1B1F5A9D0C00EF6A8A /* CalculatorUITests.m */; };
/* End PBXBuildFile section */

/* Begin PBXContainerItemProxy section */
		1D4FBE0D1F5A9D0C00EF6A8A /* PBXContainerItemProxy */ = {
			isa = PBXContainerItemProxy;
			containerPortal = 1D4FBDEB1F5A9D0B00EF6A8A /* Project object */;
			proxyType = 1;
			remoteGlobalIDString = 1D4FBDF21F5A9D0B00EF6A8A;
			remoteInfo = Calculator;
		};
		1D4FBE181F5A9D0C00EF6A8A /* PBXContainerItemProxy */ = {
			isa = PBXContainerItemProxy;
			containerPortal = 1D4FBDEB1F5A9D0B00EF6A8A /* Project object */;
			proxyType = 1;
			remoteGlobalIDString = 1D4FBDF21F5A9D0B00EF6A8A;
			remoteInfo = Calculator;
		};
/* End PBXContainerItemProxy section */

/* Begin PBXFileReference section */
		1D4FBDF31F5A9D0B00EF6A8A /* Calculator.app */ = {isa = PBXFileReference; explicitFileType = wrapper.application; includeInIndex = 0; path = Calculator.app; sourceTree = BUILT_PRODUCTS_DIR; };
		1D4FBDF71F5A9D0B00EF6A8A /* main.m */ = {isa = PBXFileReference; lastKnownFileType = sourcecode.c.objc; path = main.m; sourceTree = "<group>"; };
		1D4FBDF91F5A9D0B00EF6A8A /* AppDelegate.h */ = {isa = PBXFileReference; lastKnownFileType = sourcecode.c.h; path = AppDelegate.h; sourceTree = "<group>"; };
		1D4FBDFA1F5A9D0B00EF6A8A /* AppDelegate.m */ = {isa = PBXFileReference; lastKnownFileType = sourcecode.c.objc; path = AppDelegate.m; sourceTree = "<group>"; };
		1D4FBDFC1F5A9D0B00EF6A8A /* ViewController.h */ = {isa = PBXFileReference; lastKnownFileType = sourcecode.c.h; path = ViewController.h; sourceTree = "<group>"; };
		1D4FBDFD1F5A9D0B00EF6A8A /* ViewController.m */ = {isa = PBXFileReference; lastKnownFileType = sourcecode.c.objc; path = ViewController.m; sourceTree = "<group>"; };
		1D4FBE001F5A9D0B00EF6A8A /* Base */ = {isa = PBXFileReference; lastKnownFileType = file.storyboard; name = Base; path = Base.lproj/Main.storyboard; sourceTree = "<group>"; };
		1D4FBE021F5A9D0B00EF6A8A /* Assets.xcassets */ = {isa = PBXFileReference; lastKnownFileType = folder.assetcatalog; path = Assets.xcassets; sourceTree = "<group>"; };
		1D4FBE051F5A9D0B00EF6A8A /* Base */ = {isa = PBXFileReference; lastKnownFileType = file.storyboard; name = Base; path = Base.lproj/LaunchScreen.storyboard; sourceTree = "<group>"; };
		1D4FBE071F5A9D0B00EF6A8A /* Info.plist */ = {isa = PBXFileReference; lastKnownFileType = text.plist.xml; path = Info.plist; sourceTree = "<group>"; };
		1D4FBE0C1F5A9D0C00EF6A8A /* CalculatorTests.xctest */ = {isa = PBXFileReference; explicitFileType = wrapper.cfbundle; includeInIndex = 0; path = CalculatorTests.xctest; sourceTree = BUILT_PRODUCTS_DIR; };
		1D4FBE101F5A9D0C00EF6A8A /* CalculatorTests.m */ = {isa = PBXFileReference; lastKnownFileType = sourcecode.c.objc; path = CalculatorTests.m; sourceTree = "<group>"; };
		1D4FBE121F5A9D0C00EF6A8A /* Info.plist */ = {isa = PBXFileReference; lastKnownFileType = text.plist.xml; path = Info.plist; sourceTree = "<group>"; };
		1D4FBE171F5A9D0C00EF6A8A /* CalculatorUITests.xctest */ = {isa = PBXFileReference; explicitFileType = wrapper.cfbundle; includeInIndex = 0; path = CalculatorUITests.xctest; sourceTree = BUILT_PRODUCTS_DIR; };
		1D4FBE1B1F5A9D0C00EF6A8A /* CalculatorUITests.m */ = {isa = PBXFileReference; lastKnownFileType = sourcecode.c.objc; path = CalculatorUITests.m; sourceTree = "<group>"; };
		1D4FBE1D1F5A9D0C00EF6A8A /* Info.plist */ = {isa = PBXFileReference; lastKnownFileType = text.plist.xml; path = Info.plist; sourceTree = "<group>"; };
/* End PBXFileReference section */

/* Begin PBXFrameworksBuildPhase section */
		1D4FBDF01F5A9D0B00EF6A8A /* Frameworks */ = {
			isa = PBXFrameworksBuildPhase;
			buildActionMask = 2147483647;
			files = (
			);
			runOnlyForDeploymentPostprocessing = 0;
		};
		1D4FBE091F5A9D0C00EF6A8A /* Frameworks */ = {
			isa = PBXFrameworksBuildPhase;
			buildActionMask = 2147483647;
			files = (
			);
			runOnlyForDeploymentPostprocessing = 0;
		};
		1D4FBE141F5A9D0C00EF6A8A /* Frameworks */ = {
			isa = PBXFrameworksBuildPhase;
			buildActionMask = 2147483647;
			files = (
			);
			runOnlyForDeploymentPostprocessing = 0;
		};
/* End PBXFrameworksBuildPhase section */

/* Begin PBXGroup section */
		1D4FBDEA1F5A9D0B00EF6A8A = {
			isa = PBXGroup;
			children = (
				1D4FBDF51F5A9D0B00EF6A8A /* Calculator */,
				1D4FBE0F1F5A9D0C00EF6A8A /* CalculatorTests */,
				1D4FBE1A1F5A9D0C00EF6A8A /* CalculatorUITests */,
				1D4FBDF41F5A9D0B00EF6A8A /* Products */,
			);
			sourceTree = "<group>";
		};
		1D4FBDF41F5A9D0B00EF6A8A /* Products */ = {
			isa = PBXGroup;
			children = (
				1D4FBDF31F5A9D0B00EF6A8A /* Calculator.app */,
				1D4FBE0C1F5A9D0C00EF6A8A /* CalculatorTests.xctest */,
				1D4FBE171F5A9D0C00EF6A8A /* CalculatorUITests.xctest */,
			);
			name = Products;
			sourceTree = "<group>";
		};
		1D4FBDF51F5A9D0B00EF6A8A /* Calculator */ = {
			isa = PBXGroup;
			children = (
				1D4FBDF91F5A9D0B00EF6A8A /* AppDelegate.h */,
				1D4FBDFA1F5A9D0B00EF6A8A /* AppDelegate.m */,
				1D4FBDFC1F5A9D0B00EF6A8A /* ViewController.h */,
				1D4FBDFD1F5A9D0B00EF6A8A /* ViewController.m */,
				1D4FBDFF1F5A9D0B00EF6A8A /* Main.storyboard */,
				1D4FBE021F5A9D0B00EF6A8A /* Assets.xcassets */,
				1D4FBE041F5A9D0B00EF6A8A /* LaunchScreen.storyboard */,
				1D4FBE071F5A9D0B00EF6A8A /* Info.plist */,
				1D4FBDF61F5A9D0B00EF6A8A /* Supporting Files */,
			);
			path = Calculator;
			sourceTree = "<group>";
		};
		1D4FBDF61F5A9D0B00EF6A8A /* Supporting Files */ = {
			isa = PBXGroup;
			children = (
				1D4FBDF71F5A9D0B00EF6A8A /* main.m */,
			);
			name = "Supporting Files";
			sourceTree = "<group>";
		};
		1D4FBE0F1F5A9D0C00EF6A8A /* CalculatorTests */ = {
			isa = PBXGroup;
			children = (
				1D4FBE101F5A9D0C00EF6A8A /* CalculatorTests.m */,
				1D4FBE121F5A9D0C00EF6A8A /* Info.plist */,
			);
			path = CalculatorTests;
			sourceTree = "<group>";
		};
		1D4FBE1A1F5A9D0C00EF6A8A /* CalculatorUITests */ = {
			isa = PBXGroup;
			children = (
				1D4FBE1B1F5A9D0C00EF6A8A /* CalculatorUITests.m */,
				1D4FBE1D1F5A9D0C00EF6A8A /* Info.plist */,
			);
			path = CalculatorUITests;
			sourceTree = "<group>";
		};
/* End PBXGroup section */

/* Begin PBXNativeTarget section */
		1D4FBDF21F5A9D0B00EF6A8A /* Calculator */ = {
			isa = PBXNativeTarget;
			buildConfigurationList = 1D4FBE201F5A9D0C00EF6A8A /* Build configuration list for PBXNativeTarget "Calculator" */;
			buildPhases = (
				1D4FBDEF1F5A9D0B00EF6A8A /* Sources */,
				1D4FBDF01F5A9D0B00EF6A8A /* Frameworks */,
				1D4FBDF11F5A9D0B00EF6A8A /* Resources */,
			);
			buildRules = (
			);
			dependencies = (
			);
			name = Calculator;
			productName = Calculator;
			productReference = 1D4FBDF31F5A9D0B00EF6A8A /* Calculator.app */;
			productType = "com.apple.product-type.application";
		};
		1D4FBE0B1F5A9D0C00EF6A8A /* CalculatorTests */ = {
			isa = PBXNativeTarget;
			buildConfigurationList = 1D4FBE231F5A9D0C00EF6A8A /* Build configuration list for PBXNativeTarget "CalculatorTests" */;
			buildPhases = (
				1D4FBE081F5A9D0C00EF6A8A /* Sources */,
				1D4FBE091F5A9D0C00EF6A8A /* Frameworks */,
				1D4FBE0A1F5A9D0C00EF6A8A /* Resources */,
			);
			buildRules = (
			);
			dependencies = (
				1D4FBE0E1F5A9D0C00EF6A8A /* PBXTargetDependency */,
			);
			name = CalculatorTests;
			productName = CalculatorTests;
			productReference = 1D4FBE0C1F5A9D0C00EF6A8A /* CalculatorTests.xctest */;
			productType = "com.apple.product-type.bundle.unit-test";
		};
		1D4FBE161F5A9D0C00EF6A8A /* CalculatorUITests */ = {
			isa = PBXNativeTarget;
			buildConfigurationList = 1D4FBE261F5A9D0C00EF6A8A /* Build configuration list for PBXNativeTarget "CalculatorUITests" */;
			buildPhases = (
				1D4FBE131F5A9D0C00EF6A8A /* Sources */,
				1D4FBE141F5A9D0C00EF6A8A /* Frameworks */,
				1D4FBE151F5A9D0C00EF6A8A /* Resources */,
			);
			buildRules = (
			);
			dependencies = (
				1D4FBE191F5A9D0C00EF6A8A /* PBXTargetDependency */,
			);
			name = CalculatorUITests;
			productName = CalculatorUITests;
			productReference = 1D4FBE171F5A9D0C00EF6A8A /* CalculatorUITests.xctest */;
			productType = "com.apple.product-type.bundle.ui-testing";
		};
/* End PBXNativeTarget section */

/* Begin PBXProject section */
		1D4FBDEB1F5A9D0B00EF6A8A /* Project object */ = {
			isa = PBXProject;
			attributes = {
				LastUpgradeCheck = 0800;
				ORGANIZATIONNAME = Rick;
				TargetAttributes = {
					1D4FBDF21F5A9D0B00EF6A8A = {
						CreatedOnToolsVersion = 8.0;
						ProvisioningStyle = Automatic;
					};
					1D4FBE0B1F5A9D0C00EF6A8A = {
						CreatedOnToolsVersion = 8.0;
						ProvisioningStyle = Automatic;
						TestTargetID = 1D4FBDF21F5A9D0B00EF6A8A;
					};
					1D4FBE161F5A9D0C00EF6A8A = {
						CreatedOnToolsVersion = 8.0;
						ProvisioningStyle = Automatic;
						TestTargetID = 1D4FBDF21F5A9D0B00EF6A8A;
					};
				};
			};
			buildConfigurationList = 1D4FBDEE1F5A9D0B00EF6A8A /* Build configuration list for PBXProject "Calculator" */;
			compatibilityVersion = "Xcode 3.2";
			developmentRegion = English;
			hasScannedForEncodings = 0;
			knownRegions = (
				en,
				Base,
			);
			mainGroup = 1D4FBDEA1F5A9D0B00EF6A8A;
			productRefGroup = 1D4FBDF41F5A9D0B00EF6A8A /* Products */;
			projectDirPath = "";
			projectRoot = "";
			targets = (
				1D4FBDF21F5A9D0B00EF6A8A /* Calculator */,
				1D4FBE0B1F5A9D0C00EF6A8A /* CalculatorTests */,
				1D4FBE161F5A9D0C00EF6A8A /* CalculatorUITests */,
			);
		};
/* End PBXProject section */

/* Begin PBXResourcesBuildPhase section */
		1D4FBDF11F5A9D0B00EF6A8A /* Resources */ = {
			isa = PBXResourcesBuildPhase;
			buildActionMask = 2147483647;
			files = (
				1D4FBE061F5A9D0B00EF6A8A /* LaunchScreen.storyboard in Resources */,
				1D4FBE031F5A9D0B00EF6A8A /* Assets.xcassets in Resources */,
				1D4FBE011F5A9D0B00EF6A8A /* Main.storyboard in Resources */,
			);
			runOnlyForDeploymentPostprocessing = 0;
		};
		1D4FBE0A1F5A9D0C00EF6A8A /* Resources */ = {
			isa = PBXResourcesBuildPhase;
			buildActionMask = 2147483647;
			files = (
			);
			runOnlyForDeploymentPostprocessing = 0;
		};
		1D4FBE151F5A9D0C00EF6A8A /* Resources */ = {
			isa = PBXResourcesBuildPhase;
			buildActionMask = 2147483647;
			files = (
			);
			runOnlyForDeploymentPostprocessing = 0;
		};
/* End PBXResourcesBuildPhase section */

/* Begin PBXSourcesBuildPhase section */
		1D4FBDEF1F5A9D0B00EF6A8A /* Sources */ = {
			isa = PBXSourcesBuildPhase;
			buildActionMask = 2147483647;
			files = (
				1D4FBDFE1F5A9D0B00EF6A8A /* ViewController.m in Sources */,
				1D4FBDFB1F5A9D0B00EF6A8A /* AppDelegate.m in Sources */,
				1D4FBDF81F5A9D0B00EF6A8A /* main.m in Sources */,
			);
			runOnlyForDeploymentPostprocessing = 0;
		};
		1D4FBE081F5A9D0C00EF6A8A /* Sources */ = {
			isa = PBXSourcesBuildPhase;
			buildActionMask = 2147483647;
			files = (
				1D4FBE111F5A9D0C00EF6A8A /* CalculatorTests.m in Sources */,
			);
			runOnlyForDeploymentPostprocessing = 0;
		};
		1D4FBE131F5A9D0C00EF6A8A /* Sources */ = {
			isa = PBXSourcesBuildPhase;
			buildActionMask = 2147483647;
			files = (
				1D4FBE1C1F5A9D0C00EF6A8A /* CalculatorUITests.m in Sources */,
			);
			runOnlyForDeploymentPostprocessing = 0;
		};
/* End PBXSourcesBuildPhase section */

/* Begin PBXTargetDependency section */
		1D4FBE0E1F5A9D0C00EF6A8A /* PBXTargetDependency */ = {
			isa = PBXTargetDependency;
			target = 1D4FBDF21F5A9D0B00EF6A8A /* Calculator */;
			targetProxy = 1D4FBE0D1F5A9D0C00EF6A8A /* PBXContainerItemProxy */;
		};
		1D4FBE191F5A9D0C00EF6A8A /* PBXTargetDependency */ = {
			isa = PBXTargetDependency;
			target = 1D4FBDF21F5A9D0B00EF6A8A /* Calculator */;
			targetProxy = 1D4FBE181F5A9D0C00EF6A8A /* PBXContainerItemProxy */;
		};
/* End PBXTargetDependency section */

/* Begin PBXVariantGroup section */
		1D4FBDFF1F5A9D0B00EF6A8A /* Main.storyboard */ = {
			isa = PBXVariantGroup;
			children = (
				1D4FBE001F5A9D0B00EF6A8A /* Base */,
			);
			name = Main.storyboard;
			sourceTree = "<group>";
		};
		1D4FBE041F5A9D0B00EF6A8A /* LaunchScreen.storyboard */ = {
			isa = PBXVariantGroup;
			children = (
				1D4FBE051F5A9D0B00EF6A8A /* Base */,
			);
			name = LaunchScreen.storyboard;
			sourceTree = "<group>";
		};
/* End PBXVariantGroup section */

/* Begin XCBuildConfiguration section */
		1D4FBE1E1F5A9D0C00EF6A8A /* Debug */ = {
			isa = XCBuildConfiguration;
			buildSettings = {
				ALWAYS_SEARCH_USER_PATHS = NO;
				CLANG_ANALYZER_NONNULL = YES;
				CLANG_CXX_LANGUAGE_STANDARD = "gnu++0x";
				CLANG_CXX_LIBRARY = "libc++";
				CLANG_ENABLE_MODULES = YES;
				CLANG_ENABLE_OBJC_ARC = YES;
				CLANG_WARN_BOOL_CONVERSION = YES;
				CLANG_WARN_CONSTANT_CONVERSION = YES;
				CLANG_WARN_DIRECT_OBJC_ISA_USAGE = YES_ERROR;
				CLANG_WARN_DOCUMENTATION_COMMENTS = YES;
				CLANG_WARN_EMPTY_BODY = YES;
				CLANG_WARN_ENUM_CONVERSION = YES;
				CLANG_WARN_INFINITE_RECURSION = YES;
				CLANG_WARN_INT_CONVERSION = YES;
				CLANG_WARN_OBJC_ROOT_CLASS = YES_ERROR;
				CLANG_WARN_SUSPICIOUS_MOVES = YES;
				CLANG_WARN_UNREACHABLE_CODE = YES;
				CLANG_WARN__DUPLICATE_METHOD_MATCH = YES;
				"CODE_SIGN_IDENTITY[sdk=iphoneos*]" = "iPhone Developer";
				COPY_PHASE_STRIP = NO;
				DEBUG_INFORMATION_FORMAT = dwarf;
				ENABLE_STRICT_OBJC_MSGSEND = YES;
				ENABLE_TESTABILITY = YES;
				GCC_C_LANGUAGE_STANDARD = gnu99;
				GCC_DYNAMIC_NO_PIC = NO;
				GCC_NO_COMMON_BLOCKS = YES;
				GCC_OPTIMIZATION_LEVEL = 0;
				GCC_PREPROCESSOR_DEFINITIONS = (
					"DEBUG=1",
					"$(inherited)",
				);
				GCC_WARN_64_TO_32_BIT_CONVERSION = YES;
				GCC_WARN_ABOUT_RETURN_TYPE = YES_ERROR;
				GCC_WARN_UNDECLARED_SELECTOR = YES;
				GCC_WARN_UNINITIALIZED_AUTOS = YES_AGGRESSIVE;
				GCC_WARN_UNUSED_FUNCTION = YES;
				GCC_WARN_UNUSED_VARIABLE = YES;
				IPHONEOS_DEPLOYMENT_TARGET = 10.0;
				MTL_ENABLE_DEBUG_INFO = YES;
				ONLY_ACTIVE_ARCH = YES;
				SDKROOT = iphoneos;
			};
			name = Debug;
		};
		1D4FBE1F1F5A9D0C00EF6A8A /* Release */ = {
			isa = XCBuildConfiguration;
			buildSettings = {
				ALWAYS_SEARCH_USER_PATHS = NO;
				CLANG_ANALYZER_NONNULL = YES;
				CLANG_CXX_LANGUAGE_STANDARD = "gnu++0x";
				CLANG_CXX_LIBRARY = "libc++";
				CLANG_ENABLE_MODULES = YES;
				CLANG_ENABLE_OBJC_ARC = YES;
				CLANG_WARN_BOOL_CONVERSION = YES;
				CLANG_WARN_CONSTANT_CONVERSION = YES;
				CLANG_WARN_DIRECT_OBJC_ISA_USAGE = YES_ERROR;
				CLANG_WARN_DOCUMENTATION_COMMENTS = YES;
				CLANG_WARN_EMPTY_BODY = YES;
				CLANG_WARN_ENUM_CONVERSION = YES;
				CLANG_WARN_INFINITE_RECURSION = YES;
				CLANG_WARN_INT_CONVERSION = YES;
				CLANG_WARN_OBJC_ROOT_CLASS = YES_ERROR;
				CLANG_WARN_SUSPICIOUS_MOVES = YES;
				CLANG_WARN_UNREACHABLE_CODE = YES;
				CLANG_WARN__DUPLICATE_METHOD_MATCH = YES;
				"CODE_SIGN_IDENTITY[sdk=iphoneos*]" = "iPhone Developer";
				COPY_PHASE_STRIP = NO;
				DEBUG_INFORMATION_FORMAT = "dwarf-with-dsym";
				ENABLE_NS_ASSERTIONS = NO;
				ENABLE_STRICT_OBJC_MSGSEND = YES;
				GCC_C_LANGUAGE_STANDARD = gnu99;
				GCC_NO_COMMON_BLOCKS = YES;
				GCC_WARN_64_TO_32_BIT_CONVERSION = YES;
				GCC_WARN_ABOUT_RETURN_TYPE = YES_ERROR;
				GCC_WARN_UNDECLARED_SELECTOR = YES;
				GCC_WARN_UNINITIALIZED_AUTOS = YES_AGGRESSIVE;
				GCC_WARN_UNUSED_FUNCTION = YES;
				GCC_WARN_UNUSED_VARIABLE = YES;
				IPHONEOS_DEPLOYMENT_TARGET = 10.0;
				MTL_ENABLE_DEBUG_INFO = NO;
				SDKROOT = iphoneos;
				VALIDATE_PRODUCT = YES;
			};
			name = Release;
		};
		1D4FBE211F5A9D0C00EF6A8A /* Debug */ = {
			isa = XCBuildConfiguration;
			buildSettings = {
				ASSETCATALOG_COMPILER_APPICON_NAME = AppIcon;
				INFOPLIST_FILE = Calculator/Info.plist;
				LD_RUNPATH_SEARCH_PATHS = "$(inherited) @executable_path/Frameworks";
				PRODUCT_BUNDLE_IDENTIFIER = com.rick.Calculator;
				PRODUCT_NAME = "$(TARGET_NAME)";
			};
			name = Debug;
		};
		1D4FBE221F5A9D0C00EF6A8A /* Release */ = {
			isa = XCBuildConfiguration;
			buildSettings = {
				ASSETCATALOG_COMPILER_APPICON_NAME = AppIcon;
				INFOPLIST_FILE = Calculator/Info.plist;
				LD_RUNPATH_SEARCH_PATHS = "$(inherited) @executable_path/Frameworks";
				PRODUCT_BUNDLE_IDENTIFIER = com.rick.Calculator;
				PRODUCT_NAME = "$(TARGET_NAME)";
			};
			name = Release;
		};
		1D4FBE241F5A9D0C00EF6A8A /* Debug */ = {
			isa = XCBuildConfiguration;
			buildSettings = {
				BUNDLE_LOADER = "$(TEST_HOST)";
				INFOPLIST_FILE = CalculatorTests/Info.plist;
				LD_RUNPATH_SEARCH_PATHS = "$(inherited) @executable_path/Frameworks @loader_path/Frameworks";
				PRODUCT_BUNDLE_IDENTIFIER = com.rick.CalculatorTests;
				PRODUCT_NAME = "$(TARGET_NAME)";
				TEST_HOST = "$(BUILT_PRODUCTS_DIR)/Calculator.app/Calculator";
			};
			name = Debug;
		};
		1D4FBE251F5A9D0C00EF6A8A /* Release */ = {
			isa = XCBuildConfiguration;
			buildSettings = {
				BUNDLE_LOADER = "$(TEST_HOST)";
				INFOPLIST_FILE = CalculatorTests/Info.plist;
				LD_RUNPATH_SEARCH_PATHS = "$(inherited) @executable_path/Frameworks @loader_path/Frameworks";
				PRODUCT_BUNDLE_IDENTIFIER = com.rick.CalculatorTests;
				PRODUCT_NAME = "$(TARGET_NAME)";
				TEST_HOST = "$(BUILT_PRODUCTS_DIR)/Calculator.app/Calculator";
			};
			name = Release;
		};
		1D4FBE271F5A9D0C00EF6A8A /* Debug */ = {
			isa = XCBuildConfiguration;
			buildSettings = {
				INFOPLIST_FILE = CalculatorUITests/Info.plist;
				LD_RUNPATH_SEARCH_PATHS = "$(inherited) @executable_path/Frameworks @loader_path/Frameworks";
				PRODUCT_BUNDLE_IDENTIFIER = com.rick.CalculatorUITests;
				PRODUCT_NAME = "$(TARGET_NAME)";
				TEST_TARGET_NAME = Calculator;
			};
			name = Debug;
		};
		1D4FBE281F5A9D0C00EF6A8A /* Release */ = {
			isa = XCBuildConfiguration;
			buildSettings = {
				INFOPLIST_FILE = CalculatorUITests/Info.plist;
				LD_RUNPATH_SEARCH_PATHS = "$(inherited) @executable_path/Frameworks @loader_path/Frameworks";
				PRODUCT_BUNDLE_IDENTIFIER = com.rick.CalculatorUITests;
				PRODUCT_NAME = "$(TARGET_NAME)";
				TEST_TARGET_NAME = Calculator;
			};
			name = Release;
		};
/* End XCBuildConfiguration section */

/* Begin XCConfigurationList section */
		1D4FBDEE1F5A9D0B00EF6A8A /* Build configuration list for PBXProject "Calculator" */ = {
			isa = XCConfigurationList;
			buildConfigurations = (
				1D4FBE1E1F5A9D0C00EF6A8A /* Debug */,
				1D4FBE1F1F5A9D0C00EF6A8A /* Release */,
			);
			defaultConfigurationIsVisible = 0;
			defaultConfigurationName = Release;
		};
		1D4FBE201F5A9D0C00EF6A8A /* Build configuration list for PBXNativeTarget "Calculator" */ = {
			isa = XCConfigurationList;
			buildConfigurations = (
				1D4FBE211F5A9D0C00EF6A8A /* Debug */,
				1D4FBE221F5A9D0C00EF6A8A /* Release */,
			);
			defaultConfigurationIsVisible = 0;
		};
		1D4FBE231F5A9D0C00EF6A8A /* Build configuration list for PBXNativeTarget "CalculatorTests" */ = {
			isa = XCConfigurationList;
			buildConfigurations = (
				1D4FBE241F5A9D0C00EF6A8A /* Debug */,
				1D4FBE251F5A9D0C00EF6A8A /* Release */,
			);
			defaultConfigurationIsVisible = 0;
		};
		1D4FBE261F5A9D0C00EF6A8A /* Build configuration list for PBXNativeTarget "CalculatorUITests" */ = {
			isa = XCConfigurationList;
			buildConfigurations = (
				1D4FBE271F5A9D0C00EF6A8A /* Debug */,
				1D4FBE281F5A9D0C00EF6A8A /* Release */,
			);
			defaultConfigurationIsVisible = 0;
		};
/* End XCConfigurationList section */
	};
	rootObject = 1D4FBDEB1F5A9D0B00EF6A8A /* Project object */;
}
